
Microsoft Visual Studio Solution File, Format Version 12.00
# Visual Studio 15
VisualStudioVersion = 15.0.28307.136
MinimumVisualStudioVersion = 10.0.40219.1
Project("{262852C6-CD72-467D-83FE-5EEB1973A190}") = "PhoneApp", "PhoneApp\PhoneApp.jsproj", "{CA4EF358-2FD5-45C0-8CBD-570B8742A2FE}"
EndProject
Global
	GlobalSection(SolutionConfigurationPlatforms) = preSolution
		Debug|Android = Debug|Android
		Debug|iOS = Debug|iOS
		Debug|Windows-ARM = Debug|Windows-ARM
		Debug|Windows-x64 = Debug|Windows-x64
		Debug|Windows-x86 = Debug|Windows-x86
		Release|Android = Release|Android
		Release|iOS = Release|iOS
		Release|Windows-ARM = Release|Windows-ARM
		Release|Windows-x64 = Release|Windows-x64
		Release|Windows-x86 = Release|Windows-x86
	EndGlobalSection
	GlobalSection(ProjectConfigurationPlatforms) = postSolution
		{CA4EF358-2FD5-45C0-8CBD-570B8742A2FE}.Debug|Android.ActiveCfg = Debug|Android
		{CA4EF358-2FD5-45C0-8CBD-570B8742A2FE}.Debug|Android.Build.0 = Debug|Android
		{CA4EF358-2FD5-45C0-8CBD-570B8742A2FE}.Debug|Android.Deploy.0 = Debug|Android
		{CA4EF358-2FD5-45C0-8CBD-570B8742A2FE}.Debug|iOS.ActiveCfg = Debug|iOS
		{CA4EF358-2FD5-45C0-8CBD-570B8742A2FE}.Debug|iOS.Build.0 = Debug|iOS
		{CA4EF358-2FD5-45C0-8CBD-570B8742A2FE}.Debug|iOS.Deploy.0 = Debug|iOS
		{CA4EF358-2FD5-45C0-8CBD-570B8742A2FE}.Debug|Windows-ARM.ActiveCfg = Debug|Windows-ARM
		{CA4EF358-2FD5-45C0-8CBD-570B8742A2FE}.Debug|Windows-ARM.Build.0 = Debug|Windows-ARM
		{CA4EF358-2FD5-45C0-8CBD-570B8742A2FE}.Debug|Windows-ARM.Deploy.0 = Debug|Windows-ARM
		{CA4EF358-2FD5-45C0-8CBD-570B8742A2FE}.Debug|Windows-x64.ActiveCfg = Debug|Windows-x64
		{CA4EF358-2FD5-45C0-8CBD-570B8742A2FE}.Debug|Windows-x64.Build.0 = Debug|Windows-x64
		{CA4EF358-2FD5-45C0-8CBD-570B8742A2FE}.Debug|Windows-x64.Deploy.0 = Debug|Windows-x64
		{CA4EF358-2FD5-45C0-8CBD-570B8742A2FE}.Debug|Windows-x86.ActiveCfg = Debug|Windows-x86
		{CA4EF358-2FD5-45C0-8CBD-570B8742A2FE}.Debug|Windows-x86.Build.0 = Debug|Windows-x86
		{CA4EF358-2FD5-45C0-8CBD-570B8742A2FE}.Debug|Windows-x86.Deploy.0 = Debug|Windows-x86
		{CA4EF358-2FD5-45C0-8CBD-570B8742A2FE}.Release|Android.ActiveCfg = Release|Android
		{CA4EF358-2FD5-45C0-8CBD-570B8742A2FE}.Release|Android.Build.0 = Release|Android
		{CA4EF358-2FD5-45C0-8CBD-570B8742A2FE}.Release|Android.Deploy.0 = Release|Android
		{CA4EF358-2FD5-45C0-8CBD-570B8742A2FE}.Release|iOS.ActiveCfg = Release|iOS
		{CA4EF358-2FD5-45C0-8CBD-570B8742A2FE}.Release|iOS.Build.0 = Release|iOS
		{CA4EF358-2FD5-45C0-8CBD-570B8742A2FE}.Release|iOS.Deploy.0 = Release|iOS
		{CA4EF358-2FD5-45C0-8CBD-570B8742A2FE}.Release|Windows-ARM.ActiveCfg = Release|Windows-ARM
		{CA4EF358-2FD5-45C0-8CBD-570B8742A2FE}.Release|Windows-ARM.Build.0 = Release|Windows-ARM
		{CA4EF358-2FD5-45C0-8CBD-570B8742A2FE}.Release|Windows-ARM.Deploy.0 = Release|Windows-ARM
		{CA4EF358-2FD5-45C0-8CBD-570B8742A2FE}.Release|Windows-x64.ActiveCfg = Release|Windows-x64
		{CA4EF358-2FD5-45C0-8CBD-570B8742A2FE}.Release|Windows-x64.Build.0 = Release|Windows-x64
		{CA4EF358-2FD5-45C0-8CBD-570B8742A2FE}.Release|Windows-x64.Deploy.0 = Release|Windows-x64
		{CA4EF358-2FD5-45C0-8CBD-570B8742A2FE}.Release|Windows-x86.ActiveCfg = Release|Windows-x86
		{CA4EF358-2FD5-45C0-8CBD-570B8742A2FE}.Release|Windows-x86.Build.0 = Release|Windows-x86
		{CA4EF358-2FD5-45C0-8CBD-570B8742A2FE}.Release|Windows-x86.Deploy.0 = Release|Windows-x86
	EndGlobalSection
	GlobalSection(SolutionProperties) = preSolution
		HideSolutionNode = FALSE
	EndGlobalSection
	GlobalSection(ExtensibilityGlobals) = postSolution
		SolutionGuid = {B74B52FD-D6DA-4BB5-8CC2-E5CA348996EB}
	EndGlobalSection
EndGlobal
