
Microsoft Visual Studio Solution File, Format Version 12.00
# Visual Studio 15
VisualStudioVersion = 15.0.28307.136
MinimumVisualStudioVersion = 10.0.40219.1
Project("{888888A0-9F3D-457C-B088-3A5042F75D52}") = "Storage", "Storage\Storage.pyproj", "{C2CE1B71-FA14-4284-98A4-04BCA7CD8F58}"
EndProject
Global
	GlobalSection(SolutionConfigurationPlatforms) = preSolution
		Debug|Any CPU = Debug|Any CPU
		Release|Any CPU = Release|Any CPU
	EndGlobalSection
	GlobalSection(ProjectConfigurationPlatforms) = postSolution
		{C2CE1B71-FA14-4284-98A4-04BCA7CD8F58}.Debug|Any CPU.ActiveCfg = Debug|Any CPU
		{C2CE1B71-FA14-4284-98A4-04BCA7CD8F58}.Release|Any CPU.ActiveCfg = Release|Any CPU
	EndGlobalSection
	GlobalSection(SolutionProperties) = preSolution
		HideSolutionNode = FALSE
	EndGlobalSection
	GlobalSection(ExtensibilityGlobals) = postSolution
		SolutionGuid = {463D250B-BEA5-456D-97D7-6BD19C516E17}
	EndGlobalSection
EndGlobal
