
Microsoft Visual Studio Solution File, Format Version 12.00
# Visual Studio 15
VisualStudioVersion = 15.0.28307.136
MinimumVisualStudioVersion = 10.0.40219.1
Project("{888888A0-9F3D-457C-B088-3A5042F75D52}") = "WebInterface", "WebInterface\WebInterface.pyproj", "{156FEC9B-F3F6-4EFF-BCCA-6730C40CF6E7}"
EndProject
Global
	GlobalSection(SolutionConfigurationPlatforms) = preSolution
		Debug|Any CPU = Debug|Any CPU
		Release|Any CPU = Release|Any CPU
	EndGlobalSection
	GlobalSection(ProjectConfigurationPlatforms) = postSolution
		{156FEC9B-F3F6-4EFF-BCCA-6730C40CF6E7}.Debug|Any CPU.ActiveCfg = Debug|Any CPU
		{156FEC9B-F3F6-4EFF-BCCA-6730C40CF6E7}.Debug|Any CPU.Build.0 = Debug|Any CPU
		{156FEC9B-F3F6-4EFF-BCCA-6730C40CF6E7}.Release|Any CPU.ActiveCfg = Release|Any CPU
		{156FEC9B-F3F6-4EFF-BCCA-6730C40CF6E7}.Release|Any CPU.Build.0 = Release|Any CPU
	EndGlobalSection
	GlobalSection(SolutionProperties) = preSolution
		HideSolutionNode = FALSE
	EndGlobalSection
	GlobalSection(ExtensibilityGlobals) = postSolution
		SolutionGuid = {85A85BA8-2DA6-4E2F-8BC3-6D3C07CB2D56}
	EndGlobalSection
EndGlobal
